lockfileVersion: '6.0'

settings:
  autoInstallPeers: true
  excludeLinksFromLockfile: false

devDependencies:
  pyright:
    specifier: ^1.1.320
    version: 1.1.320

packages:

  /fsevents@2.3.2:
    resolution: {integrity: sha512-xiqMQR4xAeHTuB9uWm+fFRcIOgKBMiOBP+eXiyT7jsgVCq1bkVygt00oASowB7EdtpOHaaPgKt812P9ab+DDKA==}
    engines: {node: ^8.16.0 || ^10.6.0 || >=11.0.0}
    os: [darwin]
    requiresBuild: true
    dev: true
    optional: true

  /pyright@1.1.320:
    resolution: {integrity: sha512-YO5GuZTJuSeQBxYPOD+Ih3vfmNcnvc/VafxTG8cObuY5Zu5y+Dq4E0gcdhyGVeg3w29tFL9OvlEO23C6+CjqNw==}
    engines: {node: '>=12.0.0'}
    hasBin: true
    optionalDependencies:
      fsevents: 2.3.2
    dev: true
